{
  "nodes": {
    "flakes": {
      "locked": {
        "lastModified": 1689517207,
        "narHash": "sha256-qdFCqNl5kA9kLDyn4Lj69TEoIgAANwRyQuIJdrUzl5A=",
        "owner": "deemp",
        "repo": "flakes",
        "rev": "fe7c37a50039ad98f1c851e717304b33891fd6ac",
        "type": "github"
      },
      "original": {
        "owner": "deemp",
        "repo": "flakes",
        "type": "github"
      }
    },
    "root": {
      "inputs": {
        "flakes": "flakes"
      }
    }
  },
  "root": "root",
  "version": 7
}
