{
  "nodes": {
    "flakes": {
      "locked": {
        "lastModified": 1689510309,
        "narHash": "sha256-KSSUWgXAPLNTk+8GIYTuN7stHSphT4Nc8wPocU1k99I=",
        "owner": "deemp",
        "repo": "flakes",
        "rev": "4151c63f197a7f1f2abbafd71793d6531de5d966",
        "type": "github"
      },
      "original": {
        "owner": "deemp",
        "repo": "flakes",
        "type": "github"
      }
    },
    "root": {
      "inputs": {
        "flakes": "flakes"
      }
    }
  },
  "root": "root",
  "version": 7
}
