{
  "nodes": {
    "flakes": {
      "locked": {
        "lastModified": 1689522397,
        "narHash": "sha256-q6TuqOPqQsoqLoXTHmh/FA0B/C8Go+vFEF+qME78/fQ=",
        "owner": "deemp",
        "repo": "flakes",
        "rev": "2461573d2fe8efca84270ab47321153024e5ebef",
        "type": "github"
      },
      "original": {
        "owner": "deemp",
        "repo": "flakes",
        "type": "github"
      }
    },
    "root": {
      "inputs": {
        "flakes": "flakes"
      }
    }
  },
  "root": "root",
  "version": 7
}
